# Generated by pub
# See https://dart.dev/tools/pub/glossary#lockfile
packages:
  anthropic_sdk_dart:
    dependency: transitive
    description:
      name: anthropic_sdk_dart
      sha256: b0e91039942930341b24e3871d5b9481b6d31528b711eb752f413f4d1f5980eb
      url: "https://pub.dev"
    source: hosted
    version: "1.5.0"
  args:
    dependency: transitive
    description:
      name: args
      sha256: d0481093c50b1da8910eb0bb301626d4d8eb7284aa739614d2b394ee09e3ea04
      url: "https://pub.dev"
    source: hosted
    version: "2.7.0"
  async:
    dependency: transitive
    description:
      name: async
      sha256: e2eb0491ba5ddb6177742d2da23904574082139b07c1e33b8503b9f46f3e1a37
      url: "https://pub.dev"
    source: hosted
    version: "2.13.1"
  boolean_selector:
    dependency: transitive
    description:
      name: boolean_selector
      sha256: "6cfb5af12253eaf2b368f07bacc5a80d1301a071c73360d746b7f2e32d762c66"
      url: "https://pub.dev"
    source: hosted
    version: "2.1.1"
  characters:
    dependency: transitive
    description:
      name: characters
      sha256: f71061c654a3380576a52b451dd5532377954cf9dbd272a78fc8479606670803
      url: "https://pub.dev"
    source: hosted
    version: "1.4.0"
  clock:
    dependency: transitive
    description:
      name: clock
      sha256: fddb70d9b5277016c77a80201021d40a2247104d9f4aa7bab7157b7e3f05b84b
      url: "https://pub.dev"
    source: hosted
    version: "1.1.2"
  collection:
    dependency: transitive
    description:
      name: collection
      sha256: "2f5709ae4d3d59dd8f7cd309b4e023046b57d8a6c82130785d2b0e5868084e76"
      url: "https://pub.dev"
    source: hosted
    version: "1.19.1"
  cross_file:
    dependency: transitive
    description:
      name: cross_file
      sha256: "92c9c43c383bfa1c32079d3bc492d55d6d4318044b7b47edaff8971cbb555c51"
      url: "https://pub.dev"
    source: hosted
    version: "0.3.5+4"
  crypto:
    dependency: transitive
    description:
      name: crypto
      sha256: c8ea0233063ba03258fbcf2ca4d6dadfefe14f02fab57702265467a19f27fadf
      url: "https://pub.dev"
    source: hosted
    version: "3.0.7"
  csslib:
    dependency: transitive
    description:
      name: csslib
      sha256: "09bad715f418841f976c77db72d5398dc1253c21fb9c0c7f0b0b985860b2d58e"
      url: "https://pub.dev"
    source: hosted
    version: "1.0.2"
  cupertino_icons:
    dependency: "direct main"
    description:
      name: cupertino_icons
      sha256: ba631d1c7f7bef6b729a622b7b752645a2d076dba9976925b8f25725a30e1ee6
      url: "https://pub.dev"
    source: hosted
    version: "1.0.8"
  dartantic_ai:
    dependency: "direct main"
    description:
      name: dartantic_ai
      sha256: "32a3cb9f47d37d8d0da9dee2c9bfa7d1ad421b5c10b53428751b526fa6ece28f"
      url: "https://pub.dev"
    source: hosted
    version: "3.4.1"
  dartantic_interface:
    dependency: transitive
    description:
      name: dartantic_interface
      sha256: b21a1867da49335b1004cae5b97abeff75e3421ec7c3fee144bcc5e6f463dc63
      url: "https://pub.dev"
    source: hosted
    version: "4.0.0"
  decimal:
    dependency: transitive
    description:
      name: decimal
      sha256: "2c3c8b74f2948066d3f42585477aec9cfc48fefd7a723a4d4274a6c71a5c0df7"
      url: "https://pub.dev"
    source: hosted
    version: "3.2.6"
  email_validator:
    dependency: transitive
    description:
      name: email_validator
      sha256: b19aa5d92fdd76fbc65112060c94d45ba855105a28bb6e462de7ff03b12fa1fb
      url: "https://pub.dev"
    source: hosted
    version: "3.0.0"
  fake_async:
    dependency: transitive
    description:
      name: fake_async
      sha256: "5368f224a74523e8d2e7399ea1638b37aecfca824a3cc4dfdf77bf1fa905ac44"
      url: "https://pub.dev"
    source: hosted
    version: "1.3.3"
  fixnum:
    dependency: transitive
    description:
      name: fixnum
      sha256: b6dc7065e46c974bc7c5f143080a6764ec7a4be6da1285ececdc37be96de53be
      url: "https://pub.dev"
    source: hosted
    version: "1.1.1"
  flutter:
    dependency: "direct main"
    description: flutter
    source: sdk
    version: "0.0.0"
  flutter_dotenv:
    dependency: "direct main"
    description:
      name: flutter_dotenv
      sha256: d41da11fb497314fbf89811ec30af02d1d898b47980a129f0a8c0a1720460ba2
      url: "https://pub.dev"
    source: hosted
    version: "6.0.1"
  flutter_lints:
    dependency: "direct dev"
    description:
      name: flutter_lints
      sha256: "5398f14efa795ffb7a33e9b6a08798b26a180edac4ad7db3f231e40f82ce11e1"
      url: "https://pub.dev"
    source: hosted
    version: "5.0.0"
  flutter_markdown:
    dependency: "direct main"
    description:
      name: flutter_markdown
      sha256: "08fb8315236099ff8e90cb87bb2b935e0a724a3af1623000a9cec930468e0f27"
      url: "https://pub.dev"
    source: hosted
    version: "0.7.7+1"
  flutter_riverpod:
    dependency: "direct main"
    description:
      name: flutter_riverpod
      sha256: "9532ee6db4a943a1ed8383072a2e3eeda041db5657cdf6d2acecf3c21ecbe7e1"
      url: "https://pub.dev"
    source: hosted
    version: "2.6.1"
  flutter_test:
    dependency: "direct dev"
    description: flutter
    source: sdk
    version: "0.0.0"
  genai_primitives:
    dependency: transitive
    description:
      name: genai_primitives
      sha256: "5a1e8c7ae9caf01aa609f59c54de47b73f51bf1ae95e0f679b7c7ab6948c4d9d"
      url: "https://pub.dev"
    source: hosted
    version: "0.2.4"
  googleai_dart:
    dependency: transitive
    description:
      name: googleai_dart
      sha256: b7283c2d0d0aefb8feb735b1a8bcaa5cd1eaeb18fef86d500e9644564586d762
      url: "https://pub.dev"
    source: hosted
    version: "5.1.0"
  html:
    dependency: transitive
    description:
      name: html
      sha256: "6d1264f2dffa1b1101c25a91dff0dc2daee4c18e87cd8538729773c073dbf602"
      url: "https://pub.dev"
    source: hosted
    version: "0.15.6"
  http:
    dependency: transitive
    description:
      name: http
      sha256: "87721a4a50b19c7f1d49001e51409bddc46303966ce89a65af4f4e6004896412"
      url: "https://pub.dev"
    source: hosted
    version: "1.6.0"
  http_parser:
    dependency: transitive
    description:
      name: http_parser
      sha256: "178d74305e7866013777bab2c3d8726205dc5a4dd935297175b19a23a2e66571"
      url: "https://pub.dev"
    source: hosted
    version: "4.1.2"
  intl:
    dependency: transitive
    description:
      name: intl
      sha256: "1ca20c894b1717686a2319b8548763d812bc0aabdac580420a44c5178c57a867"
      url: "https://pub.dev"
    source: hosted
    version: "0.20.3"
  json_schema_builder:
    dependency: transitive
    description:
      name: json_schema_builder
      sha256: e46b1a2957590d2c811f47b22079710a273ebf9c8240a9e1440b759efb8ded5f
      url: "https://pub.dev"
    source: hosted
    version: "0.1.6"
  leak_tracker:
    dependency: transitive
    description:
      name: leak_tracker
      sha256: "33e2e26bdd85a0112ec15400c8cbffea70d0f9c3407491f672a2fad47915e2de"
      url: "https://pub.dev"
    source: hosted
    version: "11.0.2"
  leak_tracker_flutter_testing:
    dependency: transitive
    description:
      name: leak_tracker_flutter_testing
      sha256: "1dbc140bb5a23c75ea9c4811222756104fbcd1a27173f0c34ca01e16bea473c1"
      url: "https://pub.dev"
    source: hosted
    version: "3.0.10"
  leak_tracker_testing:
    dependency: transitive
    description:
      name: leak_tracker_testing
      sha256: "8d5a2d49f4a66b49744b23b018848400d23e54caf9463f4eb20df3eb8acb2eb1"
      url: "https://pub.dev"
    source: hosted
    version: "3.0.2"
  lints:
    dependency: transitive
    description:
      name: lints
      sha256: c35bb79562d980e9a453fc715854e1ed39e24e7d0297a880ef54e17f9874a9d7
      url: "https://pub.dev"
    source: hosted
    version: "5.1.1"
  logging:
    dependency: transitive
    description:
      name: logging
      sha256: c8245ada5f1717ed44271ed1c26b8ce85ca3228fd2ffdb75468ab01979309d61
      url: "https://pub.dev"
    source: hosted
    version: "1.3.0"
  markdown:
    dependency: transitive
    description:
      name: markdown
      sha256: ee85086ad7698b42522c6ad42fe195f1b9898e4d974a1af4576c1a3a176cada9
      url: "https://pub.dev"
    source: hosted
    version: "7.3.1"
  matcher:
    dependency: transitive
    description:
      name: matcher
      sha256: dc58c723c3c24bf8d3e2d3ad3f2f9d7bd9cf43ec6feaa64181775e60190153f2
      url: "https://pub.dev"
    source: hosted
    version: "0.12.17"
  material_color_utilities:
    dependency: transitive
    description:
      name: material_color_utilities
      sha256: f7142bb1154231d7ea5f96bc7bde4bda2a0945d2806bb11670e30b850d56bdec
      url: "https://pub.dev"
    source: hosted
    version: "0.11.1"
  mcp_dart:
    dependency: transitive
    description:
      name: mcp_dart
      sha256: "9198cd00a1b15f4460fe40b74225e4cd15bbe7b19ef3e3e99437cba8178d7456"
      url: "https://pub.dev"
    source: hosted
    version: "2.3.0"
  meta:
    dependency: transitive
    description:
      name: meta
      sha256: "23f08335362185a5ea2ad3a4e597f1375e78bce8a040df5c600c8d3552ef2394"
      url: "https://pub.dev"
    source: hosted
    version: "1.17.0"
  mime:
    dependency: transitive
    description:
      name: mime
      sha256: "41a20518f0cb1256669420fdba0cd90d21561e560ac240f26ef8322e45bb7ed6"
      url: "https://pub.dev"
    source: hosted
    version: "2.0.0"
  mistralai_dart:
    dependency: transitive
    description:
      name: mistralai_dart
      sha256: ee6a06c6cac399fc3f4a707f379acd3afea79775033fe4b605da6a8c2dfd3768
      url: "https://pub.dev"
    source: hosted
    version: "1.3.0"
  ollama_dart:
    dependency: transitive
    description:
      name: ollama_dart
      sha256: d301154465e07810bd0c6ebb4ebc24f1e0f51372a299ae6b28433ac3bea91031
      url: "https://pub.dev"
    source: hosted
    version: "1.4.1"
  openai_dart:
    dependency: transitive
    description:
      name: openai_dart
      sha256: "4731f94ea9a09cd9e92333debcfb87efda2764718e506538206df9f540e9ab60"
      url: "https://pub.dev"
    source: hosted
    version: "1.4.0"
  path:
    dependency: transitive
    description:
      name: path
      sha256: "75cca69d1490965be98c73ceaea117e8a04dd21217b37b292c9ddbec0d955bc5"
      url: "https://pub.dev"
    source: hosted
    version: "1.9.1"
  pool:
    dependency: transitive
    description:
      name: pool
      sha256: "978783255c543aa3586a1b3c21f6e9d720eb315376a915872c61ef8b5c20177d"
      url: "https://pub.dev"
    source: hosted
    version: "1.5.2"
  rational:
    dependency: transitive
    description:
      name: rational
      sha256: cb808fb6f1a839e6fc5f7d8cb3b0a10e1db48b3be102de73938c627f0b636336
      url: "https://pub.dev"
    source: hosted
    version: "2.2.3"
  riverpod:
    dependency: transitive
    description:
      name: riverpod
      sha256: "59062512288d3056b2321804332a13ffdd1bf16df70dcc8e506e411280a72959"
      url: "https://pub.dev"
    source: hosted
    version: "2.6.1"
  rxdart:
    dependency: transitive
    description:
      name: rxdart
      sha256: "5c3004a4a8dbb94bd4bf5412a4def4acdaa12e12f269737a5751369e12d1a962"
      url: "https://pub.dev"
    source: hosted
    version: "0.28.0"
  shelf:
    dependency: transitive
    description:
      name: shelf
      sha256: e7dd780a7ffb623c57850b33f43309312fc863fb6aa3d276a754bb299839ef12
      url: "https://pub.dev"
    source: hosted
    version: "1.4.2"
  sky_engine:
    dependency: transitive
    description: flutter
    source: sdk
    version: "0.0.0"
  source_span:
    dependency: transitive
    description:
      name: source_span
      sha256: "53e943d4206a5e30df338fd4c6e7a077e02254531b138a15aec3bd143c1a8b3c"
      url: "https://pub.dev"
    source: hosted
    version: "1.10.0"
  sse:
    dependency: transitive
    description:
      name: sse
      sha256: fcc97470240bb37377f298e2bd816f09fd7216c07928641c0560719f50603643
      url: "https://pub.dev"
    source: hosted
    version: "4.1.8"
  sse_channel:
    dependency: transitive
    description:
      name: sse_channel
      sha256: ad85fda353fae12533fd762dbd3ff275e710f216644e39459bf11a138124acad
      url: "https://pub.dev"
    source: hosted
    version: "0.2.2"
  stack_trace:
    dependency: transitive
    description:
      name: stack_trace
      sha256: "8b27215b45d22309b5cddda1aa2b19bdfec9df0e765f2de506401c071d38d1b1"
      url: "https://pub.dev"
    source: hosted
    version: "1.12.1"
  state_notifier:
    dependency: transitive
    description:
      name: state_notifier
      sha256: b8677376aa54f2d7c58280d5a007f9e8774f1968d1fb1c096adcb4792fba29bb
      url: "https://pub.dev"
    source: hosted
    version: "1.0.0"
  stream_channel:
    dependency: transitive
    description:
      name: stream_channel
      sha256: "969e04c80b8bcdf826f8f16579c7b14d780458bd97f56d107d3950fdbeef059d"
      url: "https://pub.dev"
    source: hosted
    version: "2.1.4"
  string_scanner:
    dependency: transitive
    description:
      name: string_scanner
      sha256: "688af5ed3402a4bde5b3a6c15fd768dbf2621a614950b17f04626c431ab3c4c3"
      url: "https://pub.dev"
    source: hosted
    version: "1.3.0"
  term_glyph:
    dependency: transitive
    description:
      name: term_glyph
      sha256: a29248a84fbb7c79282b40b8c72a1209db169a2e0542bce341da992fe1bc7e84
      url: "https://pub.dev"
    source: hosted
    version: "1.2.1"
  test_api:
    dependency: transitive
    description:
      name: test_api
      sha256: ab2726c1a94d3176a45960b6234466ec367179b87dd74f1611adb1f3b5fb9d55
      url: "https://pub.dev"
    source: hosted
    version: "0.7.7"
  typed_data:
    dependency: transitive
    description:
      name: typed_data
      sha256: f9049c039ebfeb4cf7a7104a675823cd72dba8297f264b6637062516699fa006
      url: "https://pub.dev"
    source: hosted
    version: "1.4.0"
  uuid:
    dependency: transitive
    description:
      name: uuid
      sha256: "9b129329f58692f6e6578329498a8fe9fbe98f090beb764ffbb8ee2eadd01dcd"
      url: "https://pub.dev"
    source: hosted
    version: "4.6.0"
  vector_math:
    dependency: transitive
    description:
      name: vector_math
      sha256: d530bd74fea330e6e364cda7a85019c434070188383e1cd8d9777ee586914c5b
      url: "https://pub.dev"
    source: hosted
    version: "2.2.0"
  vm_service:
    dependency: transitive
    description:
      name: vm_service
      sha256: f6be3ed8bd01289b34d679c2b62226f63c0e69f9fd2e50a6b3c1c729a961041b
      url: "https://pub.dev"
    source: hosted
    version: "14.3.0"
  web:
    dependency: transitive
    description:
      name: web
      sha256: "868d88a33d8a87b18ffc05f9f030ba328ffefba92d6c127917a2ba740f9cfe4a"
      url: "https://pub.dev"
    source: hosted
    version: "1.1.1"
  web_socket:
    dependency: transitive
    description:
      name: web_socket
      sha256: "34d64019aa8e36bf9842ac014bb5d2f5586ca73df5e4d9bf5c936975cae6982c"
      url: "https://pub.dev"
    source: hosted
    version: "1.0.1"
sdks:
  dart: ">=3.10.0 <4.0.0"
  flutter: ">=3.22.0"
